{
  "requires": true,
  "lockfileVersion": 1,
  "dependencies": {
    "linkifyjs": {
      "version": "2.1.9",
      "resolved": "https://registry.npmjs.org/linkifyjs/-/linkifyjs-2.1.9.tgz",
      "integrity": "sha512-74ivurkK6WHvHFozVaGtQWV38FzBwSTGNmJolEgFp7QgR2bl6ArUWlvT4GcHKbPe1z3nWYi+VUdDZk16zDOVug=="
    }
  }
}
